
Microsoft Visual Studio Solution File, Format Version 12.00
# Visual Studio 2013
VisualStudioVersion = 12.0.21005.1
MinimumVisualStudioVersion = 10.0.40219.1
Project("{FAE04EC0-301F-11D3-BF4B-00C04F79EFBC}") = "RunPlusPlus", "RunPlusPlus\RunPlusPlus.csproj", "{EBAAA81F-65F8-4AB9-9CF8-2DC5B6C5140A}"
EndProject
Project("{930C7802-8A8C-48F9-8165-68863BCCD9DD}") = "RunPlusPlus.Setup", "RunPlusPlus.Setup\RunPlusPlus.Setup.wixproj", "{5030D8C8-8449-4777-98DF-FE1FDF6B030D}"
EndProject
Project("{930C7802-8A8C-48F9-8165-68863BCCD9DD}") = "RunPlusPlus.Setup.Bootstrapper", "RunPlusPlus.Setup.Bootstrapper\RunPlusPlus.Setup.Bootstrapper.wixproj", "{B63E296A-4EDC-4672-8127-101935E0CDAC}"
EndProject
Project("{2150E333-8FDC-42A3-9474-1A3956D46DE8}") = "Solution Items", "Solution Items", "{0979229D-51AF-4AC6-873C-AC80AB85D16F}"
EndProject
Global
	GlobalSection(TeamFoundationVersionControl) = preSolution
		SccNumberOfProjects = 4
		SccEnterpriseProvider = {4CA58AB2-18FA-4F8D-95D4-32DDF27D184C}
		SccTeamFoundationServer = https://tfs.codeplex.com/tfs/tfs24
		SccLocalPath0 = .
		SccProjectUniqueName1 = RunPlusPlus\\RunPlusPlus.csproj
		SccProjectName1 = RunPlusPlus
		SccLocalPath1 = RunPlusPlus
		SccProjectUniqueName2 = RunPlusPlus.Setup\\RunPlusPlus.Setup.wixproj
		SccProjectName2 = RunPlusPlus.Setup
		SccLocalPath2 = RunPlusPlus.Setup
		SccProjectUniqueName3 = RunPlusPlus.Setup.Bootstrapper\\RunPlusPlus.Setup.Bootstrapper.wixproj
		SccProjectName3 = RunPlusPlus.Setup.Bootstrapper
		SccLocalPath3 = RunPlusPlus.Setup.Bootstrapper
	EndGlobalSection
	GlobalSection(SolutionConfigurationPlatforms) = preSolution
		Debug|Any CPU = Debug|Any CPU
		Debug|Mixed Platforms = Debug|Mixed Platforms
		Debug|x86 = Debug|x86
		Release|Any CPU = Release|Any CPU
		Release|Mixed Platforms = Release|Mixed Platforms
		Release|x86 = Release|x86
	EndGlobalSection
	GlobalSection(ProjectConfigurationPlatforms) = postSolution
		{EBAAA81F-65F8-4AB9-9CF8-2DC5B6C5140A}.Debug|Any CPU.ActiveCfg = Debug|Any CPU
		{EBAAA81F-65F8-4AB9-9CF8-2DC5B6C5140A}.Debug|Any CPU.Build.0 = Debug|Any CPU
		{EBAAA81F-65F8-4AB9-9CF8-2DC5B6C5140A}.Debug|Mixed Platforms.ActiveCfg = Debug|Any CPU
		{EBAAA81F-65F8-4AB9-9CF8-2DC5B6C5140A}.Debug|Mixed Platforms.Build.0 = Debug|Any CPU
		{EBAAA81F-65F8-4AB9-9CF8-2DC5B6C5140A}.Debug|x86.ActiveCfg = Debug|Any CPU
		{EBAAA81F-65F8-4AB9-9CF8-2DC5B6C5140A}.Release|Any CPU.ActiveCfg = Release|Any CPU
		{EBAAA81F-65F8-4AB9-9CF8-2DC5B6C5140A}.Release|Any CPU.Build.0 = Release|Any CPU
		{EBAAA81F-65F8-4AB9-9CF8-2DC5B6C5140A}.Release|Mixed Platforms.ActiveCfg = Release|Any CPU
		{EBAAA81F-65F8-4AB9-9CF8-2DC5B6C5140A}.Release|Mixed Platforms.Build.0 = Release|Any CPU
		{EBAAA81F-65F8-4AB9-9CF8-2DC5B6C5140A}.Release|x86.ActiveCfg = Release|Any CPU
		{5030D8C8-8449-4777-98DF-FE1FDF6B030D}.Debug|Any CPU.ActiveCfg = Debug|x86
		{5030D8C8-8449-4777-98DF-FE1FDF6B030D}.Debug|Mixed Platforms.ActiveCfg = Debug|x86
		{5030D8C8-8449-4777-98DF-FE1FDF6B030D}.Debug|Mixed Platforms.Build.0 = Debug|x86
		{5030D8C8-8449-4777-98DF-FE1FDF6B030D}.Debug|x86.ActiveCfg = Debug|x86
		{5030D8C8-8449-4777-98DF-FE1FDF6B030D}.Debug|x86.Build.0 = Debug|x86
		{5030D8C8-8449-4777-98DF-FE1FDF6B030D}.Release|Any CPU.ActiveCfg = Release|x86
		{5030D8C8-8449-4777-98DF-FE1FDF6B030D}.Release|Mixed Platforms.ActiveCfg = Release|x86
		{5030D8C8-8449-4777-98DF-FE1FDF6B030D}.Release|Mixed Platforms.Build.0 = Release|x86
		{5030D8C8-8449-4777-98DF-FE1FDF6B030D}.Release|x86.ActiveCfg = Release|x86
		{5030D8C8-8449-4777-98DF-FE1FDF6B030D}.Release|x86.Build.0 = Release|x86
		{B63E296A-4EDC-4672-8127-101935E0CDAC}.Debug|Any CPU.ActiveCfg = Debug|x86
		{B63E296A-4EDC-4672-8127-101935E0CDAC}.Debug|Mixed Platforms.ActiveCfg = Debug|x86
		{B63E296A-4EDC-4672-8127-101935E0CDAC}.Debug|Mixed Platforms.Build.0 = Debug|x86
		{B63E296A-4EDC-4672-8127-101935E0CDAC}.Debug|x86.ActiveCfg = Debug|x86
		{B63E296A-4EDC-4672-8127-101935E0CDAC}.Debug|x86.Build.0 = Debug|x86
		{B63E296A-4EDC-4672-8127-101935E0CDAC}.Release|Any CPU.ActiveCfg = Release|x86
		{B63E296A-4EDC-4672-8127-101935E0CDAC}.Release|Mixed Platforms.ActiveCfg = Release|x86
		{B63E296A-4EDC-4672-8127-101935E0CDAC}.Release|Mixed Platforms.Build.0 = Release|x86
		{B63E296A-4EDC-4672-8127-101935E0CDAC}.Release|x86.ActiveCfg = Release|x86
		{B63E296A-4EDC-4672-8127-101935E0CDAC}.Release|x86.Build.0 = Release|x86
	EndGlobalSection
	GlobalSection(SolutionProperties) = preSolution
		HideSolutionNode = FALSE
	EndGlobalSection
EndGlobal
